
Microsoft Visual Studio Solution File, Format Version 12.00
# Visual Studio 15
VisualStudioVersion = 15.0.27130.2010
MinimumVisualStudioVersion = 10.0.40219.1
Project("{FAE04EC0-301F-11D3-BF4B-00C04F79EFBC}") = "Metaproject.Users.CDorst.GitHubAccessToken", "Metaproject.Users.CDorst.GitHubAccessToken\Metaproject.Users.CDorst.GitHubAccessToken.csproj", "{B9CD8EBD-325D-479D-BAFE-D65038C15FCE}"
EndProject
Global
	GlobalSection(SolutionConfigurationPlatforms) = preSolution
		Debug|Any CPU = Debug|Any CPU
		Release|Any CPU = Release|Any CPU
	EndGlobalSection
	GlobalSection(ProjectConfigurationPlatforms) = postSolution
		{B9CD8EBD-325D-479D-BAFE-D65038C15FCE}.Debug|Any CPU.ActiveCfg = Debug|Any CPU
		{B9CD8EBD-325D-479D-BAFE-D65038C15FCE}.Debug|Any CPU.Build.0 = Debug|Any CPU
		{B9CD8EBD-325D-479D-BAFE-D65038C15FCE}.Release|Any CPU.ActiveCfg = Release|Any CPU
		{B9CD8EBD-325D-479D-BAFE-D65038C15FCE}.Release|Any CPU.Build.0 = Release|Any CPU
	EndGlobalSection
	GlobalSection(SolutionProperties) = preSolution
		HideSolutionNode = FALSE
	EndGlobalSection
	GlobalSection(ExtensibilityGlobals) = postSolution
		SolutionGuid = {79DB9FC3-9549-4573-A807-FF069528A74B}
	EndGlobalSection
EndGlobal
